// !$*UTF8*$!
{
	archiveVersion = 1;
	classes = {
	};
	objectVersion = 50;
	objects = {

/* Begin PBXBuildFile section */
		1683DD7D134CEA7B78428743 /* libPods-TestScrollView.a in Frameworks */ = {isa = PBXBuildFile; fileRef = 58AC23B925C08495CF02A361 /* libPods-TestScrollView.a */; };
		E526736C23A8B094007D523E /* NetViewController.m in Sources */ = {isa = PBXBuildFile; fileRef = E526736B23A8B094007D523E /* NetViewController.m */; };
		E526736F23A8B451007D523E /* NetWorkManager.m in Sources */ = {isa = PBXBuildFile; fileRef = E526736E23A8B451007D523E /* NetWorkManager.m */; };
		E54C425D23BB31660056E0CC /* TryFDViewController.m in Sources */ = {isa = PBXBuildFile; fileRef = E54C425C23BB31660056E0CC /* TryFDViewController.m */; };
		E54C426023BB323A0056E0CC /* DataSource.m in Sources */ = {isa = PBXBuildFile; fileRef = E54C425F23BB323A0056E0CC /* DataSource.m */; };
		E54C426C23BB36750056E0CC /* tgs.plist in Resources */ = {isa = PBXBuildFile; fileRef = E54C426B23BB36750056E0CC /* tgs.plist */; };
		E54C426F23BB442C0056E0CC /* ContentTableViewCell.m in Sources */ = {isa = PBXBuildFile; fileRef = E54C426E23BB442C0056E0CC /* ContentTableViewCell.m */; };
		E54F4AF923B2FB32003FA5C5 /* TabviewViewController.m in Sources */ = {isa = PBXBuildFile; fileRef = E54F4AF823B2FB32003FA5C5 /* TabviewViewController.m */; };
		E54F4AFC23B312FE003FA5C5 /* LCLearnTableViewCell.m in Sources */ = {isa = PBXBuildFile; fileRef = E54F4AFB23B312FE003FA5C5 /* LCLearnTableViewCell.m */; };
		E57626CF23BD8D9C00F90B02 /* ContentTableView.m in Sources */ = {isa = PBXBuildFile; fileRef = E57626CE23BD8D9C00F90B02 /* ContentTableView.m */; };
		E57A4C802397515B0085300F /* AppDelegate.m in Sources */ = {isa = PBXBuildFile; fileRef = E57A4C7F2397515B0085300F /* AppDelegate.m */; };
		E57A4C862397515B0085300F /* ViewController.m in Sources */ = {isa = PBXBuildFile; fileRef = E57A4C852397515B0085300F /* ViewController.m */; };
		E57A4C892397515B0085300F /* Main.storyboard in Resources */ = {isa = PBXBuildFile; fileRef = E57A4C872397515B0085300F /* Main.storyboard */; };
		E57A4C8B2397515C0085300F /* Assets.xcassets in Resources */ = {isa = PBXBuildFile; fileRef = E57A4C8A2397515C0085300F /* Assets.xcassets */; };
		E57A4C8E2397515C0085300F /* LaunchScreen.storyboard in Resources */ = {isa = PBXBuildFile; fileRef = E57A4C8C2397515C0085300F /* LaunchScreen.storyboard */; };
		E57A4C912397515C0085300F /* main.m in Sources */ = {isa = PBXBuildFile; fileRef = E57A4C902397515C0085300F /* main.m */; };
		E57A4C9E23975E040085300F /* GKCycleScrollView.m in Sources */ = {isa = PBXBuildFile; fileRef = E57A4C9A23975E040085300F /* GKCycleScrollView.m */; };
		E57A4C9F23975E040085300F /* GKCycleScrollViewCell.m in Sources */ = {isa = PBXBuildFile; fileRef = E57A4C9B23975E040085300F /* GKCycleScrollViewCell.m */; };
		E57A4CA023975E040085300F /* GKPageControl.m in Sources */ = {isa = PBXBuildFile; fileRef = E57A4C9D23975E040085300F /* GKPageControl.m */; };
		E58901B023B77B30004E7811 /* LCTableViewOne.m in Sources */ = {isa = PBXBuildFile; fileRef = E58901AF23B77B30004E7811 /* LCTableViewOne.m */; };
		E58DF19823C87F7D00B3799D /* SessionTableviewViewController.m in Sources */ = {isa = PBXBuildFile; fileRef = E58DF19723C87F7D00B3799D /* SessionTableviewViewController.m */; };
		E593C36D23C060580039862F /* LearnMainViewController.m in Sources */ = {isa = PBXBuildFile; fileRef = E593C36C23C060580039862F /* LearnMainViewController.m */; };
		E593C37023C070EC0039862F /* ChildViewController.m in Sources */ = {isa = PBXBuildFile; fileRef = E593C36F23C070EC0039862F /* ChildViewController.m */; };
/* End PBXBuildFile section */

/* Begin PBXFileReference section */
		4FE0A1D91D54BCF1CDE63C11 /* Pods-TestScrollView.release.xcconfig */ = {isa = PBXFileReference; includeInIndex = 1; lastKnownFileType = text.xcconfig; name = "Pods-TestScrollView.release.xcconfig"; path = "Target Support Files/Pods-TestScrollView/Pods-TestScrollView.release.xcconfig"; sourceTree = "<group>"; };
		58AC23B925C08495CF02A361 /* libPods-TestScrollView.a */ = {isa = PBXFileReference; explicitFileType = archive.ar; includeInIndex = 0; path = "libPods-TestScrollView.a"; sourceTree = BUILT_PRODUCTS_DIR; };
		AF170EABEB6448AB1521F21D /* Pods-TestScrollView.debug.xcconfig */ = {isa = PBXFileReference; includeInIndex = 1; lastKnownFileType = text.xcconfig; name = "Pods-TestScrollView.debug.xcconfig"; path = "Target Support Files/Pods-TestScrollView/Pods-TestScrollView.debug.xcconfig"; sourceTree = "<group>"; };
		E526736A23A8B094007D523E /* NetViewController.h */ = {isa = PBXFileReference; lastKnownFileType = sourcecode.c.h; name = NetViewController.h; path = TestScrollView/NetViewController.h; sourceTree = SOURCE_ROOT; };
		E526736B23A8B094007D523E /* NetViewController.m */ = {isa = PBXFileReference; lastKnownFileType = sourcecode.c.objc; name = NetViewController.m; path = TestScrollView/NetViewController.m; sourceTree = SOURCE_ROOT; };
		E526736D23A8B451007D523E /* NetWorkManager.h */ = {isa = PBXFileReference; lastKnownFileType = sourcecode.c.h; path = NetWorkManager.h; sourceTree = "<group>"; };
		E526736E23A8B451007D523E /* NetWorkManager.m */ = {isa = PBXFileReference; lastKnownFileType = sourcecode.c.objc; path = NetWorkManager.m; sourceTree = "<group>"; };
		E54C425B23BB31660056E0CC /* TryFDViewController.h */ = {isa = PBXFileReference; lastKnownFileType = sourcecode.c.h; path = TryFDViewController.h; sourceTree = "<group>"; };
		E54C425C23BB31660056E0CC /* TryFDViewController.m */ = {isa = PBXFileReference; lastKnownFileType = sourcecode.c.objc; path = TryFDViewController.m; sourceTree = "<group>"; };
		E54C425E23BB323A0056E0CC /* DataSource.h */ = {isa = PBXFileReference; lastKnownFileType = sourcecode.c.h; path = DataSource.h; sourceTree = "<group>"; };
		E54C425F23BB323A0056E0CC /* DataSource.m */ = {isa = PBXFileReference; lastKnownFileType = sourcecode.c.objc; path = DataSource.m; sourceTree = "<group>"; };
		E54C426B23BB36750056E0CC /* tgs.plist */ = {isa = PBXFileReference; fileEncoding = 4; lastKnownFileType = text.plist.xml; path = tgs.plist; sourceTree = "<group>"; };
		E54C426D23BB442C0056E0CC /* ContentTableViewCell.h */ = {isa = PBXFileReference; lastKnownFileType = sourcecode.c.h; path = ContentTableViewCell.h; sourceTree = "<group>"; };
		E54C426E23BB442C0056E0CC /* ContentTableViewCell.m */ = {isa = PBXFileReference; lastKnownFileType = sourcecode.c.objc; path = ContentTableViewCell.m; sourceTree = "<group>"; };
		E54F4AF723B2FB32003FA5C5 /* TabviewViewController.h */ = {isa = PBXFileReference; lastKnownFileType = sourcecode.c.h; path = TabviewViewController.h; sourceTree = "<group>"; };
		E54F4AF823B2FB32003FA5C5 /* TabviewViewController.m */ = {isa = PBXFileReference; lastKnownFileType = sourcecode.c.objc; path = TabviewViewController.m; sourceTree = "<group>"; };
		E54F4AFA23B312FE003FA5C5 /* LCLearnTableViewCell.h */ = {isa = PBXFileReference; lastKnownFileType = sourcecode.c.h; path = LCLearnTableViewCell.h; sourceTree = "<group>"; };
		E54F4AFB23B312FE003FA5C5 /* LCLearnTableViewCell.m */ = {isa = PBXFileReference; lastKnownFileType = sourcecode.c.objc; path = LCLearnTableViewCell.m; sourceTree = "<group>"; };
		E57626CD23BD8D9C00F90B02 /* ContentTableView.h */ = {isa = PBXFileReference; lastKnownFileType = sourcecode.c.h; path = ContentTableView.h; sourceTree = "<group>"; };
		E57626CE23BD8D9C00F90B02 /* ContentTableView.m */ = {isa = PBXFileReference; lastKnownFileType = sourcecode.c.objc; path = ContentTableView.m; sourceTree = "<group>"; };
		E57A4C7B2397515B0085300F /* TestScrollView.app */ = {isa = PBXFileReference; explicitFileType = wrapper.application; includeInIndex = 0; path = TestScrollView.app; sourceTree = BUILT_PRODUCTS_DIR; };
		E57A4C7E2397515B0085300F /* AppDelegate.h */ = {isa = PBXFileReference; lastKnownFileType = sourcecode.c.h; path = AppDelegate.h; sourceTree = "<group>"; };
		E57A4C7F2397515B0085300F /* AppDelegate.m */ = {isa = PBXFileReference; lastKnownFileType = sourcecode.c.objc; path = AppDelegate.m; sourceTree = "<group>"; };
		E57A4C842397515B0085300F /* ViewController.h */ = {isa = PBXFileReference; lastKnownFileType = sourcecode.c.h; path = ViewController.h; sourceTree = "<group>"; };
		E57A4C852397515B0085300F /* ViewController.m */ = {isa = PBXFileReference; lastKnownFileType = sourcecode.c.objc; path = ViewController.m; sourceTree = "<group>"; };
		E57A4C882397515B0085300F /* Base */ = {isa = PBXFileReference; lastKnownFileType = file.storyboard; name = Base; path = Base.lproj/Main.storyboard; sourceTree = "<group>"; };
		E57A4C8A2397515C0085300F /* Assets.xcassets */ = {isa = PBXFileReference; lastKnownFileType = folder.assetcatalog; path = Assets.xcassets; sourceTree = "<group>"; };
		E57A4C8D2397515C0085300F /* Base */ = {isa = PBXFileReference; lastKnownFileType = file.storyboard; name = Base; path = Base.lproj/LaunchScreen.storyboard; sourceTree = "<group>"; };
		E57A4C8F2397515C0085300F /* Info.plist */ = {isa = PBXFileReference; lastKnownFileType = text.plist.xml; path = Info.plist; sourceTree = "<group>"; };
		E57A4C902397515C0085300F /* main.m */ = {isa = PBXFileReference; lastKnownFileType = sourcecode.c.objc; path = main.m; sourceTree = "<group>"; };
		E57A4C9823975E040085300F /* GKCycleScrollViewCell.h */ = {isa = PBXFileReference; fileEncoding = 4; lastKnownFileType = sourcecode.c.h; path = GKCycleScrollViewCell.h; sourceTree = "<group>"; };
		E57A4C9923975E040085300F /* GKCycleScrollView.h */ = {isa = PBXFileReference; fileEncoding = 4; lastKnownFileType = sourcecode.c.h; path = GKCycleScrollView.h; sourceTree = "<group>"; };
		E57A4C9A23975E040085300F /* GKCycleScrollView.m */ = {isa = PBXFileReference; fileEncoding = 4; lastKnownFileType = sourcecode.c.objc; path = GKCycleScrollView.m; sourceTree = "<group>"; };
		E57A4C9B23975E040085300F /* GKCycleScrollViewCell.m */ = {isa = PBXFileReference; fileEncoding = 4; lastKnownFileType = sourcecode.c.objc; path = GKCycleScrollViewCell.m; sourceTree = "<group>"; };
		E57A4C9C23975E040085300F /* GKPageControl.h */ = {isa = PBXFileReference; fileEncoding = 4; lastKnownFileType = sourcecode.c.h; path = GKPageControl.h; sourceTree = "<group>"; };
		E57A4C9D23975E040085300F /* GKPageControl.m */ = {isa = PBXFileReference; fileEncoding = 4; lastKnownFileType = sourcecode.c.objc; path = GKPageControl.m; sourceTree = "<group>"; };
		E58901AE23B77B30004E7811 /* LCTableViewOne.h */ = {isa = PBXFileReference; lastKnownFileType = sourcecode.c.h; path = LCTableViewOne.h; sourceTree = "<group>"; };
		E58901AF23B77B30004E7811 /* LCTableViewOne.m */ = {isa = PBXFileReference; lastKnownFileType = sourcecode.c.objc; path = LCTableViewOne.m; sourceTree = "<group>"; };
		E58DF19623C87F7D00B3799D /* SessionTableviewViewController.h */ = {isa = PBXFileReference; lastKnownFileType = sourcecode.c.h; path = SessionTableviewViewController.h; sourceTree = "<group>"; };
		E58DF19723C87F7D00B3799D /* SessionTableviewViewController.m */ = {isa = PBXFileReference; lastKnownFileType = sourcecode.c.objc; path = SessionTableviewViewController.m; sourceTree = "<group>"; };
		E593C36B23C060580039862F /* LearnMainViewController.h */ = {isa = PBXFileReference; lastKnownFileType = sourcecode.c.h; path = LearnMainViewController.h; sourceTree = "<group>"; };
		E593C36C23C060580039862F /* LearnMainViewController.m */ = {isa = PBXFileReference; lastKnownFileType = sourcecode.c.objc; path = LearnMainViewController.m; sourceTree = "<group>"; };
		E593C36E23C070EC0039862F /* ChildViewController.h */ = {isa = PBXFileReference; lastKnownFileType = sourcecode.c.h; path = ChildViewController.h; sourceTree = "<group>"; };
		E593C36F23C070EC0039862F /* ChildViewController.m */ = {isa = PBXFileReference; lastKnownFileType = sourcecode.c.objc; path = ChildViewController.m; sourceTree = "<group>"; };
/* End PBXFileReference section */

/* Begin PBXFrameworksBuildPhase section */
		E57A4C782397515B0085300F /* Frameworks */ = {
			isa = PBXFrameworksBuildPhase;
			buildActionMask = 2147483647;
			files = (
				1683DD7D134CEA7B78428743 /* libPods-TestScrollView.a in Frameworks */,
			);
			runOnlyForDeploymentPostprocessing = 0;
		};
/* End PBXFrameworksBuildPhase section */

/* Begin PBXGroup section */
		61EF53A308A3B0F1391AD89D /* Frameworks */ = {
			isa = PBXGroup;
			children = (
				58AC23B925C08495CF02A361 /* libPods-TestScrollView.a */,
			);
			name = Frameworks;
			sourceTree = "<group>";
		};
		87E1386F1692498E80A70B46 /* Pods */ = {
			isa = PBXGroup;
			children = (
				AF170EABEB6448AB1521F21D /* Pods-TestScrollView.debug.xcconfig */,
				4FE0A1D91D54BCF1CDE63C11 /* Pods-TestScrollView.release.xcconfig */,
			);
			path = Pods;
			sourceTree = "<group>";
		};
		E526736923A8B05F007D523E /* NetModel */ = {
			isa = PBXGroup;
			children = (
				E526736A23A8B094007D523E /* NetViewController.h */,
				E526736B23A8B094007D523E /* NetViewController.m */,
				E526736D23A8B451007D523E /* NetWorkManager.h */,
				E526736E23A8B451007D523E /* NetWorkManager.m */,
			);
			path = NetModel;
			sourceTree = "<group>";
		};
		E54C425723BB1B590056E0CC /* TryFDTemplate */ = {
			isa = PBXGroup;
			children = (
				E54C425B23BB31660056E0CC /* TryFDViewController.h */,
				E54C425C23BB31660056E0CC /* TryFDViewController.m */,
				E54C425E23BB323A0056E0CC /* DataSource.h */,
				E54C425F23BB323A0056E0CC /* DataSource.m */,
				E54C426D23BB442C0056E0CC /* ContentTableViewCell.h */,
				E54C426E23BB442C0056E0CC /* ContentTableViewCell.m */,
				E57626CD23BD8D9C00F90B02 /* ContentTableView.h */,
				E57626CE23BD8D9C00F90B02 /* ContentTableView.m */,
			);
			path = TryFDTemplate;
			sourceTree = "<group>";
		};
		E54C426A23BB36640056E0CC /* Supporting Files */ = {
			isa = PBXGroup;
			children = (
				E54C426B23BB36750056E0CC /* tgs.plist */,
			);
			name = "Supporting Files";
			sourceTree = "<group>";
		};
		E54F4AF623B2FAF9003FA5C5 /* TabView */ = {
			isa = PBXGroup;
			children = (
				E54F4AF723B2FB32003FA5C5 /* TabviewViewController.h */,
				E54F4AF823B2FB32003FA5C5 /* TabviewViewController.m */,
				E58901AE23B77B30004E7811 /* LCTableViewOne.h */,
				E58901AF23B77B30004E7811 /* LCTableViewOne.m */,
				E54F4AFA23B312FE003FA5C5 /* LCLearnTableViewCell.h */,
				E54F4AFB23B312FE003FA5C5 /* LCLearnTableViewCell.m */,
			);
			path = TabView;
			sourceTree = "<group>";
		};
		E57A4C722397515A0085300F = {
			isa = PBXGroup;
			children = (
				E58DF19523C87F4900B3799D /* Learen-Session-Tab-View */,
				E593C36A23C05F640039862F /* Learn-Scroll-Tab-View */,
				E54C426A23BB36640056E0CC /* Supporting Files */,
				E57A4C7D2397515B0085300F /* TestScrollView */,
				E57A4C7C2397515B0085300F /* Products */,
				87E1386F1692498E80A70B46 /* Pods */,
				61EF53A308A3B0F1391AD89D /* Frameworks */,
			);
			sourceTree = "<group>";
		};
		E57A4C7C2397515B0085300F /* Products */ = {
			isa = PBXGroup;
			children = (
				E57A4C7B2397515B0085300F /* TestScrollView.app */,
			);
			name = Products;
			sourceTree = "<group>";
		};
		E57A4C7D2397515B0085300F /* TestScrollView */ = {
			isa = PBXGroup;
			children = (
				E54C425723BB1B590056E0CC /* TryFDTemplate */,
				E54F4AF623B2FAF9003FA5C5 /* TabView */,
				E526736923A8B05F007D523E /* NetModel */,
				E57A4C9723975D8D0085300F /* View */,
				E57A4C7E2397515B0085300F /* AppDelegate.h */,
				E57A4C7F2397515B0085300F /* AppDelegate.m */,
				E57A4C842397515B0085300F /* ViewController.h */,
				E57A4C852397515B0085300F /* ViewController.m */,
				E57A4C872397515B0085300F /* Main.storyboard */,
				E57A4C8A2397515C0085300F /* Assets.xcassets */,
				E57A4C8C2397515C0085300F /* LaunchScreen.storyboard */,
				E57A4C8F2397515C0085300F /* Info.plist */,
				E57A4C902397515C0085300F /* main.m */,
			);
			path = TestScrollView;
			sourceTree = "<group>";
		};
		E57A4C9723975D8D0085300F /* View */ = {
			isa = PBXGroup;
			children = (
				E57A4C9923975E040085300F /* GKCycleScrollView.h */,
				E57A4C9A23975E040085300F /* GKCycleScrollView.m */,
				E57A4C9823975E040085300F /* GKCycleScrollViewCell.h */,
				E57A4C9B23975E040085300F /* GKCycleScrollViewCell.m */,
				E57A4C9C23975E040085300F /* GKPageControl.h */,
				E57A4C9D23975E040085300F /* GKPageControl.m */,
			);
			path = View;
			sourceTree = "<group>";
		};
		E58DF19523C87F4900B3799D /* Learen-Session-Tab-View */ = {
			isa = PBXGroup;
			children = (
				E58DF19623C87F7D00B3799D /* SessionTableviewViewController.h */,
				E58DF19723C87F7D00B3799D /* SessionTableviewViewController.m */,
			);
			path = "Learen-Session-Tab-View";
			sourceTree = "<group>";
		};
		E593C36A23C05F640039862F /* Learn-Scroll-Tab-View */ = {
			isa = PBXGroup;
			children = (
				E593C36B23C060580039862F /* LearnMainViewController.h */,
				E593C36C23C060580039862F /* LearnMainViewController.m */,
				E593C36E23C070EC0039862F /* ChildViewController.h */,
				E593C36F23C070EC0039862F /* ChildViewController.m */,
			);
			path = "Learn-Scroll-Tab-View";
			sourceTree = "<group>";
		};
/* End PBXGroup section */

/* Begin PBXNativeTarget section */
		E57A4C7A2397515B0085300F /* TestScrollView */ = {
			isa = PBXNativeTarget;
			buildConfigurationList = E57A4C942397515C0085300F /* Build configuration list for PBXNativeTarget "TestScrollView" */;
			buildPhases = (
				DB2F5773043BB551107B3E83 /* [CP] Check Pods Manifest.lock */,
				E57A4C772397515B0085300F /* Sources */,
				E57A4C782397515B0085300F /* Frameworks */,
				E57A4C792397515B0085300F /* Resources */,
			);
			buildRules = (
			);
			dependencies = (
			);
			name = TestScrollView;
			productName = TestScrollView;
			productReference = E57A4C7B2397515B0085300F /* TestScrollView.app */;
			productType = "com.apple.product-type.application";
		};
/* End PBXNativeTarget section */

/* Begin PBXProject section */
		E57A4C732397515A0085300F /* Project object */ = {
			isa = PBXProject;
			attributes = {
				LastUpgradeCheck = 1110;
				ORGANIZATIONNAME = chao;
				TargetAttributes = {
					E57A4C7A2397515B0085300F = {
						CreatedOnToolsVersion = 11.1;
					};
				};
			};
			buildConfigurationList = E57A4C762397515A0085300F /* Build configuration list for PBXProject "TestScrollView" */;
			compatibilityVersion = "Xcode 9.3";
			developmentRegion = en;
			hasScannedForEncodings = 0;
			knownRegions = (
				en,
				Base,
			);
			mainGroup = E57A4C722397515A0085300F;
			productRefGroup = E57A4C7C2397515B0085300F /* Products */;
			projectDirPath = "";
			projectRoot = "";
			targets = (
				E57A4C7A2397515B0085300F /* TestScrollView */,
			);
		};
/* End PBXProject section */

/* Begin PBXResourcesBuildPhase section */
		E57A4C792397515B0085300F /* Resources */ = {
			isa = PBXResourcesBuildPhase;
			buildActionMask = 2147483647;
			files = (
				E57A4C8E2397515C0085300F /* LaunchScreen.storyboard in Resources */,
				E54C426C23BB36750056E0CC /* tgs.plist in Resources */,
				E57A4C8B2397515C0085300F /* Assets.xcassets in Resources */,
				E57A4C892397515B0085300F /* Main.storyboard in Resources */,
			);
			runOnlyForDeploymentPostprocessing = 0;
		};
/* End PBXResourcesBuildPhase section */

/* Begin PBXShellScriptBuildPhase section */
		DB2F5773043BB551107B3E83 /* [CP] Check Pods Manifest.lock */ = {
			isa = PBXShellScriptBuildPhase;
			buildActionMask = 2147483647;
			files = (
			);
			inputFileListPaths = (
			);
			inputPaths = (
				"${PODS_PODFILE_DIR_PATH}/Podfile.lock",
				"${PODS_ROOT}/Manifest.lock",
			);
			name = "[CP] Check Pods Manifest.lock";
			outputFileListPaths = (
			);
			outputPaths = (
				"$(DERIVED_FILE_DIR)/Pods-TestScrollView-checkManifestLockResult.txt",
			);
			runOnlyForDeploymentPostprocessing = 0;
			shellPath = /bin/sh;
			shellScript = "diff \"${PODS_PODFILE_DIR_PATH}/Podfile.lock\" \"${PODS_ROOT}/Manifest.lock\" > /dev/null\nif [ $? != 0 ] ; then\n    # print error to STDERR\n    echo \"error: The sandbox is not in sync with the Podfile.lock. Run 'pod install' or update your CocoaPods installation.\" >&2\n    exit 1\nfi\n# This output is used by Xcode 'outputs' to avoid re-running this script phase.\necho \"SUCCESS\" > \"${SCRIPT_OUTPUT_FILE_0}\"\n";
			showEnvVarsInLog = 0;
		};
/* End PBXShellScriptBuildPhase section */

/* Begin PBXSourcesBuildPhase section */
		E57A4C772397515B0085300F /* Sources */ = {
			isa = PBXSourcesBuildPhase;
			buildActionMask = 2147483647;
			files = (
				E526736F23A8B451007D523E /* NetWorkManager.m in Sources */,
				E54C426F23BB442C0056E0CC /* ContentTableViewCell.m in Sources */,
				E57626CF23BD8D9C00F90B02 /* ContentTableView.m in Sources */,
				E526736C23A8B094007D523E /* NetViewController.m in Sources */,
				E57A4C9F23975E040085300F /* GKCycleScrollViewCell.m in Sources */,
				E54C426023BB323A0056E0CC /* DataSource.m in Sources */,
				E58DF19823C87F7D00B3799D /* SessionTableviewViewController.m in Sources */,
				E593C37023C070EC0039862F /* ChildViewController.m in Sources */,
				E57A4C862397515B0085300F /* ViewController.m in Sources */,
				E57A4CA023975E040085300F /* GKPageControl.m in Sources */,
				E57A4C802397515B0085300F /* AppDelegate.m in Sources */,
				E58901B023B77B30004E7811 /* LCTableViewOne.m in Sources */,
				E593C36D23C060580039862F /* LearnMainViewController.m in Sources */,
				E57A4C9E23975E040085300F /* GKCycleScrollView.m in Sources */,
				E54C425D23BB31660056E0CC /* TryFDViewController.m in Sources */,
				E54F4AFC23B312FE003FA5C5 /* LCLearnTableViewCell.m in Sources */,
				E57A4C912397515C0085300F /* main.m in Sources */,
				E54F4AF923B2FB32003FA5C5 /* TabviewViewController.m in Sources */,
			);
			runOnlyForDeploymentPostprocessing = 0;
		};
/* End PBXSourcesBuildPhase section */

/* Begin PBXVariantGroup section */
		E57A4C872397515B0085300F /* Main.storyboard */ = {
			isa = PBXVariantGroup;
			children = (
				E57A4C882397515B0085300F /* Base */,
			);
			name = Main.storyboard;
			sourceTree = "<group>";
		};
		E57A4C8C2397515C0085300F /* LaunchScreen.storyboard */ = {
			isa = PBXVariantGroup;
			children = (
				E57A4C8D2397515C0085300F /* Base */,
			);
			name = LaunchScreen.storyboard;
			sourceTree = "<group>";
		};
/* End PBXVariantGroup section */

/* Begin XCBuildConfiguration section */
		E57A4C922397515C0085300F /* Debug */ = {
			isa = XCBuildConfiguration;
			buildSettings = {
				ALWAYS_SEARCH_USER_PATHS = NO;
				CLANG_ANALYZER_NONNULL = YES;
				CLANG_ANALYZER_NUMBER_OBJECT_CONVERSION = YES_AGGRESSIVE;
				CLANG_CXX_LANGUAGE_STANDARD = "gnu++14";
				CLANG_CXX_LIBRARY = "libc++";
				CLANG_ENABLE_MODULES = YES;
				CLANG_ENABLE_OBJC_ARC = YES;
				CLANG_ENABLE_OBJC_WEAK = YES;
				CLANG_WARN_BLOCK_CAPTURE_AUTORELEASING = YES;
				CLANG_WARN_BOOL_CONVERSION = YES;
				CLANG_WARN_COMMA = YES;
				CLANG_WARN_CONSTANT_CONVERSION = YES;
				CLANG_WARN_DEPRECATED_OBJC_IMPLEMENTATIONS = YES;
				CLANG_WARN_DIRECT_OBJC_ISA_USAGE = YES_ERROR;
				CLANG_WARN_DOCUMENTATION_COMMENTS = YES;
				CLANG_WARN_EMPTY_BODY = YES;
				CLANG_WARN_ENUM_CONVERSION = YES;
				CLANG_WARN_INFINITE_RECURSION = YES;
				CLANG_WARN_INT_CONVERSION = YES;
				CLANG_WARN_NON_LITERAL_NULL_CONVERSION = YES;
				CLANG_WARN_OBJC_IMPLICIT_RETAIN_SELF = YES;
				CLANG_WARN_OBJC_LITERAL_CONVERSION = YES;
				CLANG_WARN_OBJC_ROOT_CLASS = YES_ERROR;
				CLANG_WARN_RANGE_LOOP_ANALYSIS = YES;
				CLANG_WARN_STRICT_PROTOTYPES = YES;
				CLANG_WARN_SUSPICIOUS_MOVE = YES;
				CLANG_WARN_UNGUARDED_AVAILABILITY = YES_AGGRESSIVE;
				CLANG_WARN_UNREACHABLE_CODE = YES;
				CLANG_WARN__DUPLICATE_METHOD_MATCH = YES;
				COPY_PHASE_STRIP = NO;
				DEBUG_INFORMATION_FORMAT = dwarf;
				ENABLE_STRICT_OBJC_MSGSEND = YES;
				ENABLE_TESTABILITY = YES;
				GCC_C_LANGUAGE_STANDARD = gnu11;
				GCC_DYNAMIC_NO_PIC = NO;
				GCC_NO_COMMON_BLOCKS = YES;
				GCC_OPTIMIZATION_LEVEL = 0;
				GCC_PREPROCESSOR_DEFINITIONS = (
					"DEBUG=1",
					"$(inherited)",
				);
				GCC_WARN_64_TO_32_BIT_CONVERSION = YES;
				GCC_WARN_ABOUT_RETURN_TYPE = YES_ERROR;
				GCC_WARN_UNDECLARED_SELECTOR = YES;
				GCC_WARN_UNINITIALIZED_AUTOS = YES_AGGRESSIVE;
				GCC_WARN_UNUSED_FUNCTION = YES;
				GCC_WARN_UNUSED_VARIABLE = YES;
				IPHONEOS_DEPLOYMENT_TARGET = 13.1;
				MTL_ENABLE_DEBUG_INFO = INCLUDE_SOURCE;
				MTL_FAST_MATH = YES;
				ONLY_ACTIVE_ARCH = YES;
				SDKROOT = iphoneos;
			};
			name = Debug;
		};
		E57A4C932397515C0085300F /* Release */ = {
			isa = XCBuildConfiguration;
			buildSettings = {
				ALWAYS_SEARCH_USER_PATHS = NO;
				CLANG_ANALYZER_NONNULL = YES;
				CLANG_ANALYZER_NUMBER_OBJECT_CONVERSION = YES_AGGRESSIVE;
				CLANG_CXX_LANGUAGE_STANDARD = "gnu++14";
				CLANG_CXX_LIBRARY = "libc++";
				CLANG_ENABLE_MODULES = YES;
				CLANG_ENABLE_OBJC_ARC = YES;
				CLANG_ENABLE_OBJC_WEAK = YES;
				CLANG_WARN_BLOCK_CAPTURE_AUTORELEASING = YES;
				CLANG_WARN_BOOL_CONVERSION = YES;
				CLANG_WARN_COMMA = YES;
				CLANG_WARN_CONSTANT_CONVERSION = YES;
				CLANG_WARN_DEPRECATED_OBJC_IMPLEMENTATIONS = YES;
				CLANG_WARN_DIRECT_OBJC_ISA_USAGE = YES_ERROR;
				CLANG_WARN_DOCUMENTATION_COMMENTS = YES;
				CLANG_WARN_EMPTY_BODY = YES;
				CLANG_WARN_ENUM_CONVERSION = YES;
				CLANG_WARN_INFINITE_RECURSION = YES;
				CLANG_WARN_INT_CONVERSION = YES;
				CLANG_WARN_NON_LITERAL_NULL_CONVERSION = YES;
				CLANG_WARN_OBJC_IMPLICIT_RETAIN_SELF = YES;
				CLANG_WARN_OBJC_LITERAL_CONVERSION = YES;
				CLANG_WARN_OBJC_ROOT_CLASS = YES_ERROR;
				CLANG_WARN_RANGE_LOOP_ANALYSIS = YES;
				CLANG_WARN_STRICT_PROTOTYPES = YES;
				CLANG_WARN_SUSPICIOUS_MOVE = YES;
				CLANG_WARN_UNGUARDED_AVAILABILITY = YES_AGGRESSIVE;
				CLANG_WARN_UNREACHABLE_CODE = YES;
				CLANG_WARN__DUPLICATE_METHOD_MATCH = YES;
				COPY_PHASE_STRIP = NO;
				DEBUG_INFORMATION_FORMAT = "dwarf-with-dsym";
				ENABLE_NS_ASSERTIONS = NO;
				ENABLE_STRICT_OBJC_MSGSEND = YES;
				GCC_C_LANGUAGE_STANDARD = gnu11;
				GCC_NO_COMMON_BLOCKS = YES;
				GCC_WARN_64_TO_32_BIT_CONVERSION = YES;
				GCC_WARN_ABOUT_RETURN_TYPE = YES_ERROR;
				GCC_WARN_UNDECLARED_SELECTOR = YES;
				GCC_WARN_UNINITIALIZED_AUTOS = YES_AGGRESSIVE;
				GCC_WARN_UNUSED_FUNCTION = YES;
				GCC_WARN_UNUSED_VARIABLE = YES;
				IPHONEOS_DEPLOYMENT_TARGET = 13.1;
				MTL_ENABLE_DEBUG_INFO = NO;
				MTL_FAST_MATH = YES;
				SDKROOT = iphoneos;
				VALIDATE_PRODUCT = YES;
			};
			name = Release;
		};
		E57A4C952397515C0085300F /* Debug */ = {
			isa = XCBuildConfiguration;
			baseConfigurationReference = AF170EABEB6448AB1521F21D /* Pods-TestScrollView.debug.xcconfig */;
			buildSettings = {
				ASSETCATALOG_COMPILER_APPICON_NAME = AppIcon;
				CODE_SIGN_IDENTITY = "iPhone Developer";
				CODE_SIGN_STYLE = Automatic;
				DEVELOPMENT_TEAM = 59988BN9PB;
				INFOPLIST_FILE = TestScrollView/Info.plist;
				IPHONEOS_DEPLOYMENT_TARGET = 11.1;
				LD_RUNPATH_SEARCH_PATHS = (
					"$(inherited)",
					"@executable_path/Frameworks",
				);
				PRODUCT_BUNDLE_IDENTIFIER = com.tongan.enterprisesafety.TestScrollView1;
				PRODUCT_NAME = "$(TARGET_NAME)";
				PROVISIONING_PROFILE_SPECIFIER = "";
				TARGETED_DEVICE_FAMILY = "1,2";
			};
			name = Debug;
		};
		E57A4C962397515C0085300F /* Release */ = {
			isa = XCBuildConfiguration;
			baseConfigurationReference = 4FE0A1D91D54BCF1CDE63C11 /* Pods-TestScrollView.release.xcconfig */;
			buildSettings = {
				ASSETCATALOG_COMPILER_APPICON_NAME = AppIcon;
				CODE_SIGN_IDENTITY = "iPhone Developer";
				CODE_SIGN_STYLE = Automatic;
				DEVELOPMENT_TEAM = 59988BN9PB;
				INFOPLIST_FILE = TestScrollView/Info.plist;
				IPHONEOS_DEPLOYMENT_TARGET = 11.1;
				LD_RUNPATH_SEARCH_PATHS = (
					"$(inherited)",
					"@executable_path/Frameworks",
				);
				PRODUCT_BUNDLE_IDENTIFIER = com.tongan.enterprisesafety.TestScrollView1;
				PRODUCT_NAME = "$(TARGET_NAME)";
				PROVISIONING_PROFILE_SPECIFIER = "";
				TARGETED_DEVICE_FAMILY = "1,2";
			};
			name = Release;
		};
/* End XCBuildConfiguration section */

/* Begin XCConfigurationList section */
		E57A4C762397515A0085300F /* Build configuration list for PBXProject "TestScrollView" */ = {
			isa = XCConfigurationList;
			buildConfigurations = (
				E57A4C922397515C0085300F /* Debug */,
				E57A4C932397515C0085300F /* Release */,
			);
			defaultConfigurationIsVisible = 0;
			defaultConfigurationName = Release;
		};
		E57A4C942397515C0085300F /* Build configuration list for PBXNativeTarget "TestScrollView" */ = {
			isa = XCConfigurationList;
			buildConfigurations = (
				E57A4C952397515C0085300F /* Debug */,
				E57A4C962397515C0085300F /* Release */,
			);
			defaultConfigurationIsVisible = 0;
			defaultConfigurationName = Release;
		};
/* End XCConfigurationList section */
	};
	rootObject = E57A4C732397515A0085300F /* Project object */;
}
